
Microsoft Visual Studio Solution File, Format Version 12.00
# Visual Studio Version 16
VisualStudioVersion = 16.0.29230.47
MinimumVisualStudioVersion = 10.0.40219.1
Project("{FAE04EC0-301F-11D3-BF4B-00C04F79EFBC}") = "RSRP-476239", "RSRP-476239\RSRP-476239.csproj", "{E2F303A8-EB49-42D6-BC5E-507E0B88D04E}"
EndProject
Global
	GlobalSection(SolutionConfigurationPlatforms) = preSolution
		Debug|Any CPU = Debug|Any CPU
		Release|Any CPU = Release|Any CPU
	EndGlobalSection
	GlobalSection(ProjectConfigurationPlatforms) = postSolution
		{E2F303A8-EB49-42D6-BC5E-507E0B88D04E}.Debug|Any CPU.ActiveCfg = Debug|Any CPU
		{E2F303A8-EB49-42D6-BC5E-507E0B88D04E}.Debug|Any CPU.Build.0 = Debug|Any CPU
		{E2F303A8-EB49-42D6-BC5E-507E0B88D04E}.Release|Any CPU.ActiveCfg = Release|Any CPU
		{E2F303A8-EB49-42D6-BC5E-507E0B88D04E}.Release|Any CPU.Build.0 = Release|Any CPU
	EndGlobalSection
	GlobalSection(SolutionProperties) = preSolution
		HideSolutionNode = FALSE
	EndGlobalSection
	GlobalSection(ExtensibilityGlobals) = postSolution
		SolutionGuid = {E9F36EDE-DBA6-4A67-A47F-313A3AA8B874}
	EndGlobalSection
EndGlobal
