
Microsoft Visual Studio Solution File, Format Version 12.00
# Visual Studio Version 16
VisualStudioVersion = 16.0.29230.47
MinimumVisualStudioVersion = 10.0.40219.1
Project("{9A19103F-16F7-4668-BE54-9A1E7A4F7556}") = "RSRP-476239", "RSRP-476239\RSRP-476239.csproj", "{E2F303A8-EB49-42D6-BC5E-507E0B88D04E}"
EndProject
Project("{9A19103F-16F7-4668-BE54-9A1E7A4F7556}") = "RIDER-33129-1", "RIDER-33129-1\RIDER-33129-1.csproj", "{0D15DD81-6820-4AA9-8AC6-48AF16701591}"
EndProject
Project("{9A19103F-16F7-4668-BE54-9A1E7A4F7556}") = "RIDER-33129-2", "RIDER-33129-2\RIDER-33129-2.csproj", "{1C8BD9B0-9CC7-47A9-B864-AA72DAB17EE4}"
EndProject
Project("{FAE04EC0-301F-11D3-BF4B-00C04F79EFBC}") = "RIDER-60503", "RIDER-60503\RIDER-60503.csproj", "{65D1A970-01F3-49F7-B292-637F419CD545}"
EndProject
Global
	GlobalSection(SolutionConfigurationPlatforms) = preSolution
		Debug|Any CPU = Debug|Any CPU
		Release|Any CPU = Release|Any CPU
	EndGlobalSection
	GlobalSection(ProjectConfigurationPlatforms) = postSolution
		{E2F303A8-EB49-42D6-BC5E-507E0B88D04E}.Debug|Any CPU.ActiveCfg = Debug|Any CPU
		{E2F303A8-EB49-42D6-BC5E-507E0B88D04E}.Debug|Any CPU.Build.0 = Debug|Any CPU
		{E2F303A8-EB49-42D6-BC5E-507E0B88D04E}.Release|Any CPU.ActiveCfg = Release|Any CPU
		{E2F303A8-EB49-42D6-BC5E-507E0B88D04E}.Release|Any CPU.Build.0 = Release|Any CPU
		{0D15DD81-6820-4AA9-8AC6-48AF16701591}.Debug|Any CPU.ActiveCfg = Debug|Any CPU
		{0D15DD81-6820-4AA9-8AC6-48AF16701591}.Debug|Any CPU.Build.0 = Debug|Any CPU
		{0D15DD81-6820-4AA9-8AC6-48AF16701591}.Release|Any CPU.ActiveCfg = Release|Any CPU
		{0D15DD81-6820-4AA9-8AC6-48AF16701591}.Release|Any CPU.Build.0 = Release|Any CPU
		{1C8BD9B0-9CC7-47A9-B864-AA72DAB17EE4}.Debug|Any CPU.ActiveCfg = Debug|Any CPU
		{1C8BD9B0-9CC7-47A9-B864-AA72DAB17EE4}.Debug|Any CPU.Build.0 = Debug|Any CPU
		{1C8BD9B0-9CC7-47A9-B864-AA72DAB17EE4}.Release|Any CPU.ActiveCfg = Release|Any CPU
		{1C8BD9B0-9CC7-47A9-B864-AA72DAB17EE4}.Release|Any CPU.Build.0 = Release|Any CPU
		{65D1A970-01F3-49F7-B292-637F419CD545}.Debug|Any CPU.ActiveCfg = Debug|Any CPU
		{65D1A970-01F3-49F7-B292-637F419CD545}.Debug|Any CPU.Build.0 = Debug|Any CPU
		{65D1A970-01F3-49F7-B292-637F419CD545}.Release|Any CPU.ActiveCfg = Release|Any CPU
		{65D1A970-01F3-49F7-B292-637F419CD545}.Release|Any CPU.Build.0 = Release|Any CPU
	EndGlobalSection
	GlobalSection(SolutionProperties) = preSolution
		HideSolutionNode = FALSE
	EndGlobalSection
	GlobalSection(ExtensibilityGlobals) = postSolution
		SolutionGuid = {E9F36EDE-DBA6-4A67-A47F-313A3AA8B874}
	EndGlobalSection
EndGlobal
